// !$*UTF8*$!
{
	archiveVersion = 1;
	classes = {
	};
	objectVersion = 51;
	objects = {

/* Begin PBXBuildFile section */
		080709E524C887D900E7E0BF /* AppDelegate.swift in Sources */ = {isa = PBXBuildFile; fileRef = 080709E424C887D900E7E0BF /* AppDelegate.swift */; };
		080709E724C887D900E7E0BF /* SceneDelegate.swift in Sources */ = {isa = PBXBuildFile; fileRef = 080709E624C887D900E7E0BF /* SceneDelegate.swift */; };
		080709E924C887D900E7E0BF /* WeatherViewController.swift in Sources */ = {isa = PBXBuildFile; fileRef = 080709E824C887D900E7E0BF /* WeatherViewController.swift */; };
		080709EC24C887D900E7E0BF /* Main.storyboard in Resources */ = {isa = PBXBuildFile; fileRef = 080709EA24C887D900E7E0BF /* Main.storyboard */; };
		080709EE24C887DF00E7E0BF /* Assets.xcassets in Resources */ = {isa = PBXBuildFile; fileRef = 080709ED24C887DF00E7E0BF /* Assets.xcassets */; };
		080709F124C887DF00E7E0BF /* LaunchScreen.storyboard in Resources */ = {isa = PBXBuildFile; fileRef = 080709EF24C887DF00E7E0BF /* LaunchScreen.storyboard */; };
		081175E824DEF2AA005FFBF7 /* WeatherDataFailure.swift in Sources */ = {isa = PBXBuildFile; fileRef = 081175E724DEF2AA005FFBF7 /* WeatherDataFailure.swift */; };
		0822529D24CF10CA0008987F /* Int + Extensions.swift in Sources */ = {isa = PBXBuildFile; fileRef = 0822529C24CF10CA0008987F /* Int + Extensions.swift */; };
		08238EF724CDB4030038D4D1 /* Double+Extension.swift in Sources */ = {isa = PBXBuildFile; fileRef = 08238EF624CDB4030038D4D1 /* Double+Extension.swift */; };
		08238EFA24CDE4340038D4D1 /* AddCityViewController.swift in Sources */ = {isa = PBXBuildFile; fileRef = 08238EF924CDE4340038D4D1 /* AddCityViewController.swift */; };
		08D70F2724C9B34700F51643 /* WeatherData.swift in Sources */ = {isa = PBXBuildFile; fileRef = 08D70F2624C9B34700F51643 /* WeatherData.swift */; };
		08D70F2924C9B53A00F51643 /* WeatherManager.swift in Sources */ = {isa = PBXBuildFile; fileRef = 08D70F2824C9B53A00F51643 /* WeatherManager.swift */; };
		DABC420E4EE65EB35F0C42FA /* Pods_MyYandexWeatherApp.framework in Frameworks */ = {isa = PBXBuildFile; fileRef = E317CD59AD8045A35BB7E5C0 /* Pods_MyYandexWeatherApp.framework */; };
/* End PBXBuildFile section */

/* Begin PBXFileReference section */
		080709E124C887D900E7E0BF /* MyYandexWeatherApp.app */ = {isa = PBXFileReference; explicitFileType = wrapper.application; includeInIndex = 0; path = MyYandexWeatherApp.app; sourceTree = BUILT_PRODUCTS_DIR; };
		080709E424C887D900E7E0BF /* AppDelegate.swift */ = {isa = PBXFileReference; lastKnownFileType = sourcecode.swift; path = AppDelegate.swift; sourceTree = "<group>"; };
		080709E624C887D900E7E0BF /* SceneDelegate.swift */ = {isa = PBXFileReference; lastKnownFileType = sourcecode.swift; path = SceneDelegate.swift; sourceTree = "<group>"; };
		080709E824C887D900E7E0BF /* WeatherViewController.swift */ = {isa = PBXFileReference; lastKnownFileType = sourcecode.swift; path = WeatherViewController.swift; sourceTree = "<group>"; };
		080709EB24C887D900E7E0BF /* Base */ = {isa = PBXFileReference; lastKnownFileType = file.storyboard; name = Base; path = Base.lproj/Main.storyboard; sourceTree = "<group>"; };
		080709ED24C887DF00E7E0BF /* Assets.xcassets */ = {isa = PBXFileReference; lastKnownFileType = folder.assetcatalog; path = Assets.xcassets; sourceTree = "<group>"; };
		080709F024C887DF00E7E0BF /* Base */ = {isa = PBXFileReference; lastKnownFileType = file.storyboard; name = Base; path = Base.lproj/LaunchScreen.storyboard; sourceTree = "<group>"; };
		080709F224C887DF00E7E0BF /* Info.plist */ = {isa = PBXFileReference; lastKnownFileType = text.plist.xml; path = Info.plist; sourceTree = "<group>"; };
		081175E724DEF2AA005FFBF7 /* WeatherDataFailure.swift */ = {isa = PBXFileReference; lastKnownFileType = sourcecode.swift; path = WeatherDataFailure.swift; sourceTree = "<group>"; };
		0822529C24CF10CA0008987F /* Int + Extensions.swift */ = {isa = PBXFileReference; lastKnownFileType = sourcecode.swift; path = "Int + Extensions.swift"; sourceTree = "<group>"; };
		08238EF624CDB4030038D4D1 /* Double+Extension.swift */ = {isa = PBXFileReference; lastKnownFileType = sourcecode.swift; path = "Double+Extension.swift"; sourceTree = "<group>"; };
		08238EF924CDE4340038D4D1 /* AddCityViewController.swift */ = {isa = PBXFileReference; lastKnownFileType = sourcecode.swift; path = AddCityViewController.swift; sourceTree = "<group>"; };
		08D70F2624C9B34700F51643 /* WeatherData.swift */ = {isa = PBXFileReference; lastKnownFileType = sourcecode.swift; path = WeatherData.swift; sourceTree = "<group>"; };
		08D70F2824C9B53A00F51643 /* WeatherManager.swift */ = {isa = PBXFileReference; lastKnownFileType = sourcecode.swift; path = WeatherManager.swift; sourceTree = "<group>"; };
		41BA147C6B01DF9B75EB87AF /* Pods-MyYandexWeatherApp.release.xcconfig */ = {isa = PBXFileReference; includeInIndex = 1; lastKnownFileType = text.xcconfig; name = "Pods-MyYandexWeatherApp.release.xcconfig"; path = "Target Support Files/Pods-MyYandexWeatherApp/Pods-MyYandexWeatherApp.release.xcconfig"; sourceTree = "<group>"; };
		DEAADB9813C1DEECEA1E1130 /* Pods-MyYandexWeatherApp.debug.xcconfig */ = {isa = PBXFileReference; includeInIndex = 1; lastKnownFileType = text.xcconfig; name = "Pods-MyYandexWeatherApp.debug.xcconfig"; path = "Target Support Files/Pods-MyYandexWeatherApp/Pods-MyYandexWeatherApp.debug.xcconfig"; sourceTree = "<group>"; };
		E317CD59AD8045A35BB7E5C0 /* Pods_MyYandexWeatherApp.framework */ = {isa = PBXFileReference; explicitFileType = wrapper.framework; includeInIndex = 0; path = Pods_MyYandexWeatherApp.framework; sourceTree = BUILT_PRODUCTS_DIR; };
/* End PBXFileReference section */

/* Begin PBXFrameworksBuildPhase section */
		080709DE24C887D900E7E0BF /* Frameworks */ = {
			isa = PBXFrameworksBuildPhase;
			buildActionMask = 2147483647;
			files = (
				DABC420E4EE65EB35F0C42FA /* Pods_MyYandexWeatherApp.framework in Frameworks */,
			);
			runOnlyForDeploymentPostprocessing = 0;
		};
/* End PBXFrameworksBuildPhase section */

/* Begin PBXGroup section */
		080709D824C887D900E7E0BF = {
			isa = PBXGroup;
			children = (
				080709E324C887D900E7E0BF /* MyYandexWeatherApp */,
				080709E224C887D900E7E0BF /* Products */,
				4FBE27B1A084E781EACB2056 /* Pods */,
				E54B79A4DA342FA0073D7713 /* Frameworks */,
			);
			sourceTree = "<group>";
		};
		080709E224C887D900E7E0BF /* Products */ = {
			isa = PBXGroup;
			children = (
				080709E124C887D900E7E0BF /* MyYandexWeatherApp.app */,
			);
			name = Products;
			sourceTree = "<group>";
		};
		080709E324C887D900E7E0BF /* MyYandexWeatherApp */ = {
			isa = PBXGroup;
			children = (
				08238EF824CDE4130038D4D1 /* Controller */,
				08238EF524CDB3DE0038D4D1 /* Extension */,
				08D70F2524C9B33000F51643 /* Model */,
				08D70F2424C9B31C00F51643 /* Manager */,
				080709E424C887D900E7E0BF /* AppDelegate.swift */,
				080709E624C887D900E7E0BF /* SceneDelegate.swift */,
				080709EA24C887D900E7E0BF /* Main.storyboard */,
				080709ED24C887DF00E7E0BF /* Assets.xcassets */,
				080709EF24C887DF00E7E0BF /* LaunchScreen.storyboard */,
				080709F224C887DF00E7E0BF /* Info.plist */,
			);
			path = MyYandexWeatherApp;
			sourceTree = "<group>";
		};
		08238EF524CDB3DE0038D4D1 /* Extension */ = {
			isa = PBXGroup;
			children = (
				08238EF624CDB4030038D4D1 /* Double+Extension.swift */,
				0822529C24CF10CA0008987F /* Int + Extensions.swift */,
			);
			path = Extension;
			sourceTree = "<group>";
		};
		08238EF824CDE4130038D4D1 /* Controller */ = {
			isa = PBXGroup;
			children = (
				08238EF924CDE4340038D4D1 /* AddCityViewController.swift */,
				080709E824C887D900E7E0BF /* WeatherViewController.swift */,
			);
			path = Controller;
			sourceTree = "<group>";
		};
		08D70F2424C9B31C00F51643 /* Manager */ = {
			isa = PBXGroup;
			children = (
				08D70F2824C9B53A00F51643 /* WeatherManager.swift */,
			);
			path = Manager;
			sourceTree = "<group>";
		};
		08D70F2524C9B33000F51643 /* Model */ = {
			isa = PBXGroup;
			children = (
				08D70F2624C9B34700F51643 /* WeatherData.swift */,
				081175E724DEF2AA005FFBF7 /* WeatherDataFailure.swift */,
			);
			path = Model;
			sourceTree = "<group>";
		};
		4FBE27B1A084E781EACB2056 /* Pods */ = {
			isa = PBXGroup;
			children = (
				DEAADB9813C1DEECEA1E1130 /* Pods-MyYandexWeatherApp.debug.xcconfig */,
				41BA147C6B01DF9B75EB87AF /* Pods-MyYandexWeatherApp.release.xcconfig */,
			);
			path = Pods;
			sourceTree = "<group>";
		};
		E54B79A4DA342FA0073D7713 /* Frameworks */ = {
			isa = PBXGroup;
			children = (
				E317CD59AD8045A35BB7E5C0 /* Pods_MyYandexWeatherApp.framework */,
			);
			name = Frameworks;
			sourceTree = "<group>";
		};
/* End PBXGroup section */

/* Begin PBXNativeTarget section */
		080709E024C887D900E7E0BF /* MyYandexWeatherApp */ = {
			isa = PBXNativeTarget;
			buildConfigurationList = 080709F524C887DF00E7E0BF /* Build configuration list for PBXNativeTarget "MyYandexWeatherApp" */;
			buildPhases = (
				6B033ADC4C7FD73B4D158DDF /* [CP] Check Pods Manifest.lock */,
				080709DD24C887D900E7E0BF /* Sources */,
				080709DE24C887D900E7E0BF /* Frameworks */,
				080709DF24C887D900E7E0BF /* Resources */,
				292D80190892F774306092D2 /* [CP] Embed Pods Frameworks */,
			);
			buildRules = (
			);
			dependencies = (
			);
			name = MyYandexWeatherApp;
			productName = MyYandexWeatherApp;
			productReference = 080709E124C887D900E7E0BF /* MyYandexWeatherApp.app */;
			productType = "com.apple.product-type.application";
		};
/* End PBXNativeTarget section */

/* Begin PBXProject section */
		080709D924C887D900E7E0BF /* Project object */ = {
			isa = PBXProject;
			attributes = {
				LastSwiftUpdateCheck = 1160;
				LastUpgradeCheck = 1160;
				ORGANIZATIONNAME = "Антон Добровинский";
				TargetAttributes = {
					080709E024C887D900E7E0BF = {
						CreatedOnToolsVersion = 11.6;
					};
				};
			};
			buildConfigurationList = 080709DC24C887D900E7E0BF /* Build configuration list for PBXProject "MyYandexWeatherApp" */;
			compatibilityVersion = "Xcode 9.3";
			developmentRegion = en;
			hasScannedForEncodings = 0;
			knownRegions = (
				en,
				Base,
			);
			mainGroup = 080709D824C887D900E7E0BF;
			productRefGroup = 080709E224C887D900E7E0BF /* Products */;
			projectDirPath = "";
			projectRoot = "";
			targets = (
				080709E024C887D900E7E0BF /* MyYandexWeatherApp */,
			);
		};
/* End PBXProject section */

/* Begin PBXResourcesBuildPhase section */
		080709DF24C887D900E7E0BF /* Resources */ = {
			isa = PBXResourcesBuildPhase;
			buildActionMask = 2147483647;
			files = (
				080709F124C887DF00E7E0BF /* LaunchScreen.storyboard in Resources */,
				080709EE24C887DF00E7E0BF /* Assets.xcassets in Resources */,
				080709EC24C887D900E7E0BF /* Main.storyboard in Resources */,
			);
			runOnlyForDeploymentPostprocessing = 0;
		};
/* End PBXResourcesBuildPhase section */

/* Begin PBXShellScriptBuildPhase section */
		292D80190892F774306092D2 /* [CP] Embed Pods Frameworks */ = {
			isa = PBXShellScriptBuildPhase;
			buildActionMask = 2147483647;
			files = (
			);
			inputFileListPaths = (
				"${PODS_ROOT}/Target Support Files/Pods-MyYandexWeatherApp/Pods-MyYandexWeatherApp-frameworks-${CONFIGURATION}-input-files.xcfilelist",
			);
			name = "[CP] Embed Pods Frameworks";
			outputFileListPaths = (
				"${PODS_ROOT}/Target Support Files/Pods-MyYandexWeatherApp/Pods-MyYandexWeatherApp-frameworks-${CONFIGURATION}-output-files.xcfilelist",
			);
			runOnlyForDeploymentPostprocessing = 0;
			shellPath = /bin/sh;
			shellScript = "\"${PODS_ROOT}/Target Support Files/Pods-MyYandexWeatherApp/Pods-MyYandexWeatherApp-frameworks.sh\"\n";
			showEnvVarsInLog = 0;
		};
		6B033ADC4C7FD73B4D158DDF /* [CP] Check Pods Manifest.lock */ = {
			isa = PBXShellScriptBuildPhase;
			buildActionMask = 2147483647;
			files = (
			);
			inputFileListPaths = (
			);
			inputPaths = (
				"${PODS_PODFILE_DIR_PATH}/Podfile.lock",
				"${PODS_ROOT}/Manifest.lock",
			);
			name = "[CP] Check Pods Manifest.lock";
			outputFileListPaths = (
			);
			outputPaths = (
				"$(DERIVED_FILE_DIR)/Pods-MyYandexWeatherApp-checkManifestLockResult.txt",
			);
			runOnlyForDeploymentPostprocessing = 0;
			shellPath = /bin/sh;
			shellScript = "diff \"${PODS_PODFILE_DIR_PATH}/Podfile.lock\" \"${PODS_ROOT}/Manifest.lock\" > /dev/null\nif [ $? != 0 ] ; then\n    # print error to STDERR\n    echo \"error: The sandbox is not in sync with the Podfile.lock. Run 'pod install' or update your CocoaPods installation.\" >&2\n    exit 1\nfi\n# This output is used by Xcode 'outputs' to avoid re-running this script phase.\necho \"SUCCESS\" > \"${SCRIPT_OUTPUT_FILE_0}\"\n";
			showEnvVarsInLog = 0;
		};
/* End PBXShellScriptBuildPhase section */

/* Begin PBXSourcesBuildPhase section */
		080709DD24C887D900E7E0BF /* Sources */ = {
			isa = PBXSourcesBuildPhase;
			buildActionMask = 2147483647;
			files = (
				080709E924C887D900E7E0BF /* WeatherViewController.swift in Sources */,
				08238EFA24CDE4340038D4D1 /* AddCityViewController.swift in Sources */,
				081175E824DEF2AA005FFBF7 /* WeatherDataFailure.swift in Sources */,
				080709E524C887D900E7E0BF /* AppDelegate.swift in Sources */,
				08238EF724CDB4030038D4D1 /* Double+Extension.swift in Sources */,
				08D70F2924C9B53A00F51643 /* WeatherManager.swift in Sources */,
				08D70F2724C9B34700F51643 /* WeatherData.swift in Sources */,
				080709E724C887D900E7E0BF /* SceneDelegate.swift in Sources */,
				0822529D24CF10CA0008987F /* Int + Extensions.swift in Sources */,
			);
			runOnlyForDeploymentPostprocessing = 0;
		};
/* End PBXSourcesBuildPhase section */

/* Begin PBXVariantGroup section */
		080709EA24C887D900E7E0BF /* Main.storyboard */ = {
			isa = PBXVariantGroup;
			children = (
				080709EB24C887D900E7E0BF /* Base */,
			);
			name = Main.storyboard;
			sourceTree = "<group>";
		};
		080709EF24C887DF00E7E0BF /* LaunchScreen.storyboard */ = {
			isa = PBXVariantGroup;
			children = (
				080709F024C887DF00E7E0BF /* Base */,
			);
			name = LaunchScreen.storyboard;
			sourceTree = "<group>";
		};
/* End PBXVariantGroup section */

/* Begin XCBuildConfiguration section */
		080709F324C887DF00E7E0BF /* Debug */ = {
			isa = XCBuildConfiguration;
			buildSettings = {
				ALWAYS_SEARCH_USER_PATHS = NO;
				CLANG_ANALYZER_NONNULL = YES;
				CLANG_ANALYZER_NUMBER_OBJECT_CONVERSION = YES_AGGRESSIVE;
				CLANG_CXX_LANGUAGE_STANDARD = "gnu++14";
				CLANG_CXX_LIBRARY = "libc++";
				CLANG_ENABLE_MODULES = YES;
				CLANG_ENABLE_OBJC_ARC = YES;
				CLANG_ENABLE_OBJC_WEAK = YES;
				CLANG_WARN_BLOCK_CAPTURE_AUTORELEASING = YES;
				CLANG_WARN_BOOL_CONVERSION = YES;
				CLANG_WARN_COMMA = YES;
				CLANG_WARN_CONSTANT_CONVERSION = YES;
				CLANG_WARN_DEPRECATED_OBJC_IMPLEMENTATIONS = YES;
				CLANG_WARN_DIRECT_OBJC_ISA_USAGE = YES_ERROR;
				CLANG_WARN_DOCUMENTATION_COMMENTS = YES;
				CLANG_WARN_EMPTY_BODY = YES;
				CLANG_WARN_ENUM_CONVERSION = YES;
				CLANG_WARN_INFINITE_RECURSION = YES;
				CLANG_WARN_INT_CONVERSION = YES;
				CLANG_WARN_NON_LITERAL_NULL_CONVERSION = YES;
				CLANG_WARN_OBJC_IMPLICIT_RETAIN_SELF = YES;
				CLANG_WARN_OBJC_LITERAL_CONVERSION = YES;
				CLANG_WARN_OBJC_ROOT_CLASS = YES_ERROR;
				CLANG_WARN_RANGE_LOOP_ANALYSIS = YES;
				CLANG_WARN_STRICT_PROTOTYPES = YES;
				CLANG_WARN_SUSPICIOUS_MOVE = YES;
				CLANG_WARN_UNGUARDED_AVAILABILITY = YES_AGGRESSIVE;
				CLANG_WARN_UNREACHABLE_CODE = YES;
				CLANG_WARN__DUPLICATE_METHOD_MATCH = YES;
				COPY_PHASE_STRIP = NO;
				DEBUG_INFORMATION_FORMAT = dwarf;
				ENABLE_STRICT_OBJC_MSGSEND = YES;
				ENABLE_TESTABILITY = YES;
				GCC_C_LANGUAGE_STANDARD = gnu11;
				GCC_DYNAMIC_NO_PIC = NO;
				GCC_NO_COMMON_BLOCKS = YES;
				GCC_OPTIMIZATION_LEVEL = 0;
				GCC_PREPROCESSOR_DEFINITIONS = (
					"DEBUG=1",
					"$(inherited)",
				);
				GCC_WARN_64_TO_32_BIT_CONVERSION = YES;
				GCC_WARN_ABOUT_RETURN_TYPE = YES_ERROR;
				GCC_WARN_UNDECLARED_SELECTOR = YES;
				GCC_WARN_UNINITIALIZED_AUTOS = YES_AGGRESSIVE;
				GCC_WARN_UNUSED_FUNCTION = YES;
				GCC_WARN_UNUSED_VARIABLE = YES;
				IPHONEOS_DEPLOYMENT_TARGET = 13.6;
				MTL_ENABLE_DEBUG_INFO = INCLUDE_SOURCE;
				MTL_FAST_MATH = YES;
				ONLY_ACTIVE_ARCH = YES;
				SDKROOT = iphoneos;
				SWIFT_ACTIVE_COMPILATION_CONDITIONS = DEBUG;
				SWIFT_OPTIMIZATION_LEVEL = "-Onone";
			};
			name = Debug;
		};
		080709F424C887DF00E7E0BF /* Release */ = {
			isa = XCBuildConfiguration;
			buildSettings = {
				ALWAYS_SEARCH_USER_PATHS = NO;
				CLANG_ANALYZER_NONNULL = YES;
				CLANG_ANALYZER_NUMBER_OBJECT_CONVERSION = YES_AGGRESSIVE;
				CLANG_CXX_LANGUAGE_STANDARD = "gnu++14";
				CLANG_CXX_LIBRARY = "libc++";
				CLANG_ENABLE_MODULES = YES;
				CLANG_ENABLE_OBJC_ARC = YES;
				CLANG_ENABLE_OBJC_WEAK = YES;
				CLANG_WARN_BLOCK_CAPTURE_AUTORELEASING = YES;
				CLANG_WARN_BOOL_CONVERSION = YES;
				CLANG_WARN_COMMA = YES;
				CLANG_WARN_CONSTANT_CONVERSION = YES;
				CLANG_WARN_DEPRECATED_OBJC_IMPLEMENTATIONS = YES;
				CLANG_WARN_DIRECT_OBJC_ISA_USAGE = YES_ERROR;
				CLANG_WARN_DOCUMENTATION_COMMENTS = YES;
				CLANG_WARN_EMPTY_BODY = YES;
				CLANG_WARN_ENUM_CONVERSION = YES;
				CLANG_WARN_INFINITE_RECURSION = YES;
				CLANG_WARN_INT_CONVERSION = YES;
				CLANG_WARN_NON_LITERAL_NULL_CONVERSION = YES;
				CLANG_WARN_OBJC_IMPLICIT_RETAIN_SELF = YES;
				CLANG_WARN_OBJC_LITERAL_CONVERSION = YES;
				CLANG_WARN_OBJC_ROOT_CLASS = YES_ERROR;
				CLANG_WARN_RANGE_LOOP_ANALYSIS = YES;
				CLANG_WARN_STRICT_PROTOTYPES = YES;
				CLANG_WARN_SUSPICIOUS_MOVE = YES;
				CLANG_WARN_UNGUARDED_AVAILABILITY = YES_AGGRESSIVE;
				CLANG_WARN_UNREACHABLE_CODE = YES;
				CLANG_WARN__DUPLICATE_METHOD_MATCH = YES;
				COPY_PHASE_STRIP = NO;
				DEBUG_INFORMATION_FORMAT = "dwarf-with-dsym";
				ENABLE_NS_ASSERTIONS = NO;
				ENABLE_STRICT_OBJC_MSGSEND = YES;
				GCC_C_LANGUAGE_STANDARD = gnu11;
				GCC_NO_COMMON_BLOCKS = YES;
				GCC_WARN_64_TO_32_BIT_CONVERSION = YES;
				GCC_WARN_ABOUT_RETURN_TYPE = YES_ERROR;
				GCC_WARN_UNDECLARED_SELECTOR = YES;
				GCC_WARN_UNINITIALIZED_AUTOS = YES_AGGRESSIVE;
				GCC_WARN_UNUSED_FUNCTION = YES;
				GCC_WARN_UNUSED_VARIABLE = YES;
				IPHONEOS_DEPLOYMENT_TARGET = 13.6;
				MTL_ENABLE_DEBUG_INFO = NO;
				MTL_FAST_MATH = YES;
				SDKROOT = iphoneos;
				SWIFT_COMPILATION_MODE = wholemodule;
				SWIFT_OPTIMIZATION_LEVEL = "-O";
				VALIDATE_PRODUCT = YES;
			};
			name = Release;
		};
		080709F624C887DF00E7E0BF /* Debug */ = {
			isa = XCBuildConfiguration;
			baseConfigurationReference = DEAADB9813C1DEECEA1E1130 /* Pods-MyYandexWeatherApp.debug.xcconfig */;
			buildSettings = {
				ASSETCATALOG_COMPILER_APPICON_NAME = AppIcon;
				CODE_SIGN_STYLE = Automatic;
				DEVELOPMENT_TEAM = 6334SGW4U6;
				INFOPLIST_FILE = MyYandexWeatherApp/Info.plist;
				LD_RUNPATH_SEARCH_PATHS = (
					"$(inherited)",
					"@executable_path/Frameworks",
				);
				PRODUCT_BUNDLE_IDENTIFIER = Anton.Dobrovinskiy.MyYandexWeatherApp;
				PRODUCT_NAME = "$(TARGET_NAME)";
				SWIFT_VERSION = 5.0;
				TARGETED_DEVICE_FAMILY = "1,2";
			};
			name = Debug;
		};
		080709F724C887DF00E7E0BF /* Release */ = {
			isa = XCBuildConfiguration;
			baseConfigurationReference = 41BA147C6B01DF9B75EB87AF /* Pods-MyYandexWeatherApp.release.xcconfig */;
			buildSettings = {
				ASSETCATALOG_COMPILER_APPICON_NAME = AppIcon;
				CODE_SIGN_STYLE = Automatic;
				DEVELOPMENT_TEAM = 6334SGW4U6;
				INFOPLIST_FILE = MyYandexWeatherApp/Info.plist;
				LD_RUNPATH_SEARCH_PATHS = (
					"$(inherited)",
					"@executable_path/Frameworks",
				);
				PRODUCT_BUNDLE_IDENTIFIER = Anton.Dobrovinskiy.MyYandexWeatherApp;
				PRODUCT_NAME = "$(TARGET_NAME)";
				SWIFT_VERSION = 5.0;
				TARGETED_DEVICE_FAMILY = "1,2";
			};
			name = Release;
		};
/* End XCBuildConfiguration section */

/* Begin XCConfigurationList section */
		080709DC24C887D900E7E0BF /* Build configuration list for PBXProject "MyYandexWeatherApp" */ = {
			isa = XCConfigurationList;
			buildConfigurations = (
				080709F324C887DF00E7E0BF /* Debug */,
				080709F424C887DF00E7E0BF /* Release */,
			);
			defaultConfigurationIsVisible = 0;
			defaultConfigurationName = Release;
		};
		080709F524C887DF00E7E0BF /* Build configuration list for PBXNativeTarget "MyYandexWeatherApp" */ = {
			isa = XCConfigurationList;
			buildConfigurations = (
				080709F624C887DF00E7E0BF /* Debug */,
				080709F724C887DF00E7E0BF /* Release */,
			);
			defaultConfigurationIsVisible = 0;
			defaultConfigurationName = Release;
		};
/* End XCConfigurationList section */
	};
	rootObject = 080709D924C887D900E7E0BF /* Project object */;
}
